{
  "name": "find-in-page-with-preview",
  "version": "0.1.1",
  "lockfileVersion": 1,
  "requires": true,
  "dependencies": {
    "rtree": {
      "version": "1.4.2",
      "resolved": "https://registry.npmjs.org/rtree/-/rtree-1.4.2.tgz",
      "integrity": "sha1-i4xYjFih+H/qXaLUl647LF5Lsy4="
    }
  }
}
